// !$*UTF8*$!
{
	archiveVersion = 1;
	classes = {
	};
	objectVersion = 46;
	objects = {

/* Begin PBXBuildFile section */
		570AC6D10E0D2D531AF3D188 /* Pods_Sport_Project.framework in Frameworks */ = {isa = PBXBuildFile; fileRef = 2FE204F7D5D0D90EFFC37239 /* Pods_Sport_Project.framework */; };
		A602DB741E2D1C9000E1287D /* StringUtil.swift in Sources */ = {isa = PBXBuildFile; fileRef = A602DB731E2D1C9000E1287D /* StringUtil.swift */; };
		A602DB761E2D1D9F00E1287D /* ExtensionUtil.swift in Sources */ = {isa = PBXBuildFile; fileRef = A602DB751E2D1D9F00E1287D /* ExtensionUtil.swift */; };
		A6431A9C1E290D4400A08DC5 /* AppDelegate.swift in Sources */ = {isa = PBXBuildFile; fileRef = A6431A9B1E290D4400A08DC5 /* AppDelegate.swift */; };
		A6431A9E1E290D4400A08DC5 /* ViewController.swift in Sources */ = {isa = PBXBuildFile; fileRef = A6431A9D1E290D4400A08DC5 /* ViewController.swift */; };
		A6431AA11E290D4400A08DC5 /* Main.storyboard in Resources */ = {isa = PBXBuildFile; fileRef = A6431A9F1E290D4400A08DC5 /* Main.storyboard */; };
		A6431AA31E290D4400A08DC5 /* Assets.xcassets in Resources */ = {isa = PBXBuildFile; fileRef = A6431AA21E290D4400A08DC5 /* Assets.xcassets */; };
		A6431AA61E290D4400A08DC5 /* LaunchScreen.storyboard in Resources */ = {isa = PBXBuildFile; fileRef = A6431AA41E290D4400A08DC5 /* LaunchScreen.storyboard */; };
		A6431AAF1E2915F900A08DC5 /* Identifier.swift in Sources */ = {isa = PBXBuildFile; fileRef = A6431AAE1E2915F900A08DC5 /* Identifier.swift */; };
		A64FBAB81E2DDAF20010D975 /* ServerPath.swift in Sources */ = {isa = PBXBuildFile; fileRef = A64FBAB71E2DDAF20010D975 /* ServerPath.swift */; };
		A68568151E2BBA5A001C9826 /* ColorUtil.swift in Sources */ = {isa = PBXBuildFile; fileRef = A68568141E2BBA5A001C9826 /* ColorUtil.swift */; };
		A6DE41581E2BAEC600EA7290 /* HomeCell.swift in Sources */ = {isa = PBXBuildFile; fileRef = A6DE41561E2BAEC600EA7290 /* HomeCell.swift */; };
		A6DE41591E2BAEC600EA7290 /* HomeCell.xib in Resources */ = {isa = PBXBuildFile; fileRef = A6DE41571E2BAEC600EA7290 /* HomeCell.xib */; };
/* End PBXBuildFile section */

/* Begin PBXFileReference section */
		2FE204F7D5D0D90EFFC37239 /* Pods_Sport_Project.framework */ = {isa = PBXFileReference; explicitFileType = wrapper.framework; includeInIndex = 0; path = Pods_Sport_Project.framework; sourceTree = BUILT_PRODUCTS_DIR; };
		A602DB731E2D1C9000E1287D /* StringUtil.swift */ = {isa = PBXFileReference; fileEncoding = 4; lastKnownFileType = sourcecode.swift; path = StringUtil.swift; sourceTree = "<group>"; };
		A602DB751E2D1D9F00E1287D /* ExtensionUtil.swift */ = {isa = PBXFileReference; fileEncoding = 4; lastKnownFileType = sourcecode.swift; path = ExtensionUtil.swift; sourceTree = "<group>"; };
		A6431A981E290D4400A08DC5 /* Sport_Project.app */ = {isa = PBXFileReference; explicitFileType = wrapper.application; includeInIndex = 0; path = Sport_Project.app; sourceTree = BUILT_PRODUCTS_DIR; };
		A6431A9B1E290D4400A08DC5 /* AppDelegate.swift */ = {isa = PBXFileReference; lastKnownFileType = sourcecode.swift; path = AppDelegate.swift; sourceTree = "<group>"; };
		A6431A9D1E290D4400A08DC5 /* ViewController.swift */ = {isa = PBXFileReference; lastKnownFileType = sourcecode.swift; name = ViewController.swift; path = ../../ViewController.swift; sourceTree = "<group>"; };
		A6431AA01E290D4400A08DC5 /* Base */ = {isa = PBXFileReference; lastKnownFileType = file.storyboard; name = Base; path = Base.lproj/Main.storyboard; sourceTree = "<group>"; };
		A6431AA21E290D4400A08DC5 /* Assets.xcassets */ = {isa = PBXFileReference; lastKnownFileType = folder.assetcatalog; path = Assets.xcassets; sourceTree = "<group>"; };
		A6431AA51E290D4400A08DC5 /* Base */ = {isa = PBXFileReference; lastKnownFileType = file.storyboard; name = Base; path = Base.lproj/LaunchScreen.storyboard; sourceTree = "<group>"; };
		A6431AA71E290D4400A08DC5 /* Info.plist */ = {isa = PBXFileReference; lastKnownFileType = text.plist.xml; path = Info.plist; sourceTree = "<group>"; };
		A6431AAE1E2915F900A08DC5 /* Identifier.swift */ = {isa = PBXFileReference; fileEncoding = 4; lastKnownFileType = sourcecode.swift; path = Identifier.swift; sourceTree = "<group>"; };
		A64FBAB71E2DDAF20010D975 /* ServerPath.swift */ = {isa = PBXFileReference; fileEncoding = 4; lastKnownFileType = sourcecode.swift; path = ServerPath.swift; sourceTree = "<group>"; };
		A68568141E2BBA5A001C9826 /* ColorUtil.swift */ = {isa = PBXFileReference; fileEncoding = 4; lastKnownFileType = sourcecode.swift; path = ColorUtil.swift; sourceTree = "<group>"; };
		A6DE41561E2BAEC600EA7290 /* HomeCell.swift */ = {isa = PBXFileReference; fileEncoding = 4; lastKnownFileType = sourcecode.swift; path = HomeCell.swift; sourceTree = "<group>"; };
		A6DE41571E2BAEC600EA7290 /* HomeCell.xib */ = {isa = PBXFileReference; fileEncoding = 4; lastKnownFileType = file.xib; path = HomeCell.xib; sourceTree = "<group>"; };
		EF66645075BD58C30F455BE5 /* Pods-Sport_Project.release.xcconfig */ = {isa = PBXFileReference; includeInIndex = 1; lastKnownFileType = text.xcconfig; name = "Pods-Sport_Project.release.xcconfig"; path = "Pods/Target Support Files/Pods-Sport_Project/Pods-Sport_Project.release.xcconfig"; sourceTree = "<group>"; };
		FC0A3FD21BB0E8F7D244374C /* Pods-Sport_Project.debug.xcconfig */ = {isa = PBXFileReference; includeInIndex = 1; lastKnownFileType = text.xcconfig; name = "Pods-Sport_Project.debug.xcconfig"; path = "Pods/Target Support Files/Pods-Sport_Project/Pods-Sport_Project.debug.xcconfig"; sourceTree = "<group>"; };
/* End PBXFileReference section */

/* Begin PBXFrameworksBuildPhase section */
		A6431A951E290D4400A08DC5 /* Frameworks */ = {
			isa = PBXFrameworksBuildPhase;
			buildActionMask = 2147483647;
			files = (
				570AC6D10E0D2D531AF3D188 /* Pods_Sport_Project.framework in Frameworks */,
			);
			runOnlyForDeploymentPostprocessing = 0;
		};
/* End PBXFrameworksBuildPhase section */

/* Begin PBXGroup section */
		06320CA59B4CD8CF8F0500D5 /* Frameworks */ = {
			isa = PBXGroup;
			children = (
				2FE204F7D5D0D90EFFC37239 /* Pods_Sport_Project.framework */,
			);
			name = Frameworks;
			sourceTree = "<group>";
		};
		A6431A8F1E290D4400A08DC5 = {
			isa = PBXGroup;
			children = (
				A6431A9A1E290D4400A08DC5 /* Sport_Project */,
				A6431A991E290D4400A08DC5 /* Products */,
				BED7B8359208279A95193381 /* Pods */,
				06320CA59B4CD8CF8F0500D5 /* Frameworks */,
			);
			sourceTree = "<group>";
		};
		A6431A991E290D4400A08DC5 /* Products */ = {
			isa = PBXGroup;
			children = (
				A6431A981E290D4400A08DC5 /* Sport_Project.app */,
			);
			name = Products;
			sourceTree = "<group>";
		};
		A6431A9A1E290D4400A08DC5 /* Sport_Project */ = {
			isa = PBXGroup;
			children = (
				A68568131E2BBA30001C9826 /* Utils */,
				A6DE41521E2BAE6300EA7290 /* Views */,
				A6431AAD1E2915E200A08DC5 /* Identifiers */,
				A6431A9B1E290D4400A08DC5 /* AppDelegate.swift */,
				A6431AA21E290D4400A08DC5 /* Assets.xcassets */,
				A6431AA41E290D4400A08DC5 /* LaunchScreen.storyboard */,
				A6431AA71E290D4400A08DC5 /* Info.plist */,
			);
			path = Sport_Project;
			sourceTree = "<group>";
		};
		A6431AAD1E2915E200A08DC5 /* Identifiers */ = {
			isa = PBXGroup;
			children = (
				A6431AAE1E2915F900A08DC5 /* Identifier.swift */,
			);
			path = Identifiers;
			sourceTree = "<group>";
		};
		A68568131E2BBA30001C9826 /* Utils */ = {
			isa = PBXGroup;
			children = (
				A68568141E2BBA5A001C9826 /* ColorUtil.swift */,
				A602DB731E2D1C9000E1287D /* StringUtil.swift */,
				A602DB751E2D1D9F00E1287D /* ExtensionUtil.swift */,
				A64FBAB71E2DDAF20010D975 /* ServerPath.swift */,
			);
			path = Utils;
			sourceTree = "<group>";
		};
		A6DE41521E2BAE6300EA7290 /* Views */ = {
			isa = PBXGroup;
			children = (
				A6DE41531E2BAE7A00EA7290 /* HomeView */,
			);
			path = Views;
			sourceTree = "<group>";
		};
		A6DE41531E2BAE7A00EA7290 /* HomeView */ = {
			isa = PBXGroup;
			children = (
				A6431A9D1E290D4400A08DC5 /* ViewController.swift */,
				A6431A9F1E290D4400A08DC5 /* Main.storyboard */,
				A6DE41561E2BAEC600EA7290 /* HomeCell.swift */,
				A6DE41571E2BAEC600EA7290 /* HomeCell.xib */,
			);
			path = HomeView;
			sourceTree = "<group>";
		};
		BED7B8359208279A95193381 /* Pods */ = {
			isa = PBXGroup;
			children = (
				FC0A3FD21BB0E8F7D244374C /* Pods-Sport_Project.debug.xcconfig */,
				EF66645075BD58C30F455BE5 /* Pods-Sport_Project.release.xcconfig */,
			);
			name = Pods;
			sourceTree = "<group>";
		};
/* End PBXGroup section */

/* Begin PBXNativeTarget section */
		A6431A971E290D4400A08DC5 /* Sport_Project */ = {
			isa = PBXNativeTarget;
			buildConfigurationList = A6431AAA1E290D4400A08DC5 /* Build configuration list for PBXNativeTarget "Sport_Project" */;
			buildPhases = (
				A8D5EE67109A6632C12E98C4 /* [CP] Check Pods Manifest.lock */,
				A6431A941E290D4400A08DC5 /* Sources */,
				A6431A951E290D4400A08DC5 /* Frameworks */,
				A6431A961E290D4400A08DC5 /* Resources */,
				C05ABFD71DEF503505DF7B63 /* [CP] Embed Pods Frameworks */,
				0EFCEA81AA752CC75CC6D09E /* [CP] Copy Pods Resources */,
			);
			buildRules = (
			);
			dependencies = (
			);
			name = Sport_Project;
			productName = Sport_Project;
			productReference = A6431A981E290D4400A08DC5 /* Sport_Project.app */;
			productType = "com.apple.product-type.application";
		};
/* End PBXNativeTarget section */

/* Begin PBXProject section */
		A6431A901E290D4400A08DC5 /* Project object */ = {
			isa = PBXProject;
			attributes = {
				LastSwiftUpdateCheck = 0820;
				LastUpgradeCheck = 0800;
				ORGANIZATIONNAME = AllAboutSport;
				TargetAttributes = {
					A6431A971E290D4400A08DC5 = {
						CreatedOnToolsVersion = 8.2.1;
						DevelopmentTeam = 95VUD7N9BF;
						ProvisioningStyle = Automatic;
					};
				};
			};
			buildConfigurationList = A6431A931E290D4400A08DC5 /* Build configuration list for PBXProject "Sport_Project" */;
			compatibilityVersion = "Xcode 3.2";
			developmentRegion = English;
			hasScannedForEncodings = 0;
			knownRegions = (
				en,
				Base,
			);
			mainGroup = A6431A8F1E290D4400A08DC5;
			productRefGroup = A6431A991E290D4400A08DC5 /* Products */;
			projectDirPath = "";
			projectRoot = "";
			targets = (
				A6431A971E290D4400A08DC5 /* Sport_Project */,
			);
		};
/* End PBXProject section */

/* Begin PBXResourcesBuildPhase section */
		A6431A961E290D4400A08DC5 /* Resources */ = {
			isa = PBXResourcesBuildPhase;
			buildActionMask = 2147483647;
			files = (
				A6431AA61E290D4400A08DC5 /* LaunchScreen.storyboard in Resources */,
				A6431AA31E290D4400A08DC5 /* Assets.xcassets in Resources */,
				A6DE41591E2BAEC600EA7290 /* HomeCell.xib in Resources */,
				A6431AA11E290D4400A08DC5 /* Main.storyboard in Resources */,
			);
			runOnlyForDeploymentPostprocessing = 0;
		};
/* End PBXResourcesBuildPhase section */

/* Begin PBXShellScriptBuildPhase section */
		0EFCEA81AA752CC75CC6D09E /* [CP] Copy Pods Resources */ = {
			isa = PBXShellScriptBuildPhase;
			buildActionMask = 2147483647;
			files = (
			);
			inputPaths = (
			);
			name = "[CP] Copy Pods Resources";
			outputPaths = (
			);
			runOnlyForDeploymentPostprocessing = 0;
			shellPath = /bin/sh;
			shellScript = "\"${SRCROOT}/Pods/Target Support Files/Pods-Sport_Project/Pods-Sport_Project-resources.sh\"\n";
			showEnvVarsInLog = 0;
		};
		A8D5EE67109A6632C12E98C4 /* [CP] Check Pods Manifest.lock */ = {
			isa = PBXShellScriptBuildPhase;
			buildActionMask = 2147483647;
			files = (
			);
			inputPaths = (
			);
			name = "[CP] Check Pods Manifest.lock";
			outputPaths = (
			);
			runOnlyForDeploymentPostprocessing = 0;
			shellPath = /bin/sh;
			shellScript = "diff \"${PODS_ROOT}/../Podfile.lock\" \"${PODS_ROOT}/Manifest.lock\" > /dev/null\nif [ $? != 0 ] ; then\n    # print error to STDERR\n    echo \"error: The sandbox is not in sync with the Podfile.lock. Run 'pod install' or update your CocoaPods installation.\" >&2\n    exit 1\nfi\n";
			showEnvVarsInLog = 0;
		};
		C05ABFD71DEF503505DF7B63 /* [CP] Embed Pods Frameworks */ = {
			isa = PBXShellScriptBuildPhase;
			buildActionMask = 2147483647;
			files = (
			);
			inputPaths = (
			);
			name = "[CP] Embed Pods Frameworks";
			outputPaths = (
			);
			runOnlyForDeploymentPostprocessing = 0;
			shellPath = /bin/sh;
			shellScript = "\"${SRCROOT}/Pods/Target Support Files/Pods-Sport_Project/Pods-Sport_Project-frameworks.sh\"\n";
			showEnvVarsInLog = 0;
		};
/* End PBXShellScriptBuildPhase section */

/* Begin PBXSourcesBuildPhase section */
		A6431A941E290D4400A08DC5 /* Sources */ = {
			isa = PBXSourcesBuildPhase;
			buildActionMask = 2147483647;
			files = (
				A6431A9E1E290D4400A08DC5 /* ViewController.swift in Sources */,
				A6431AAF1E2915F900A08DC5 /* Identifier.swift in Sources */,
				A602DB741E2D1C9000E1287D /* StringUtil.swift in Sources */,
				A602DB761E2D1D9F00E1287D /* ExtensionUtil.swift in Sources */,
				A6DE41581E2BAEC600EA7290 /* HomeCell.swift in Sources */,
				A68568151E2BBA5A001C9826 /* ColorUtil.swift in Sources */,
				A6431A9C1E290D4400A08DC5 /* AppDelegate.swift in Sources */,
				A64FBAB81E2DDAF20010D975 /* ServerPath.swift in Sources */,
			);
			runOnlyForDeploymentPostprocessing = 0;
		};
/* End PBXSourcesBuildPhase section */

/* Begin PBXVariantGroup section */
		A6431A9F1E290D4400A08DC5 /* Main.storyboard */ = {
			isa = PBXVariantGroup;
			children = (
				A6431AA01E290D4400A08DC5 /* Base */,
			);
			name = Main.storyboard;
			path = ../..;
			sourceTree = "<group>";
		};
		A6431AA41E290D4400A08DC5 /* LaunchScreen.storyboard */ = {
			isa = PBXVariantGroup;
			children = (
				A6431AA51E290D4400A08DC5 /* Base */,
			);
			name = LaunchScreen.storyboard;
			sourceTree = "<group>";
		};
/* End PBXVariantGroup section */

/* Begin XCBuildConfiguration section */
		A6431AA81E290D4400A08DC5 /* Debug */ = {
			isa = XCBuildConfiguration;
			buildSettings = {
				ALWAYS_SEARCH_USER_PATHS = NO;
				CLANG_ANALYZER_NONNULL = YES;
				CLANG_CXX_LANGUAGE_STANDARD = "gnu++0x";
				CLANG_CXX_LIBRARY = "libc++";
				CLANG_ENABLE_MODULES = YES;
				CLANG_ENABLE_OBJC_ARC = YES;
				CLANG_WARN_BOOL_CONVERSION = YES;
				CLANG_WARN_CONSTANT_CONVERSION = YES;
				CLANG_WARN_DIRECT_OBJC_ISA_USAGE = YES_ERROR;
				CLANG_WARN_DOCUMENTATION_COMMENTS = YES;
				CLANG_WARN_EMPTY_BODY = YES;
				CLANG_WARN_ENUM_CONVERSION = YES;
				CLANG_WARN_INFINITE_RECURSION = YES;
				CLANG_WARN_INT_CONVERSION = YES;
				CLANG_WARN_OBJC_ROOT_CLASS = YES_ERROR;
				CLANG_WARN_SUSPICIOUS_MOVE = YES;
				CLANG_WARN_UNREACHABLE_CODE = YES;
				CLANG_WARN__DUPLICATE_METHOD_MATCH = YES;
				"CODE_SIGN_IDENTITY[sdk=iphoneos*]" = "iPhone Developer";
				COPY_PHASE_STRIP = NO;
				DEBUG_INFORMATION_FORMAT = dwarf;
				ENABLE_STRICT_OBJC_MSGSEND = YES;
				ENABLE_TESTABILITY = YES;
				GCC_C_LANGUAGE_STANDARD = gnu99;
				GCC_DYNAMIC_NO_PIC = NO;
				GCC_NO_COMMON_BLOCKS = YES;
				GCC_OPTIMIZATION_LEVEL = 0;
				GCC_PREPROCESSOR_DEFINITIONS = (
					"DEBUG=1",
					"$(inherited)",
				);
				GCC_WARN_64_TO_32_BIT_CONVERSION = YES;
				GCC_WARN_ABOUT_RETURN_TYPE = YES_ERROR;
				GCC_WARN_UNDECLARED_SELECTOR = YES;
				GCC_WARN_UNINITIALIZED_AUTOS = YES_AGGRESSIVE;
				GCC_WARN_UNUSED_FUNCTION = YES;
				GCC_WARN_UNUSED_VARIABLE = YES;
				IPHONEOS_DEPLOYMENT_TARGET = 10.2;
				MTL_ENABLE_DEBUG_INFO = YES;
				ONLY_ACTIVE_ARCH = YES;
				SDKROOT = iphoneos;
				SWIFT_ACTIVE_COMPILATION_CONDITIONS = DEBUG;
				SWIFT_OPTIMIZATION_LEVEL = "-Onone";
				TARGETED_DEVICE_FAMILY = "1,2";
			};
			name = Debug;
		};
		A6431AA91E290D4400A08DC5 /* Release */ = {
			isa = XCBuildConfiguration;
			buildSettings = {
				ALWAYS_SEARCH_USER_PATHS = NO;
				CLANG_ANALYZER_NONNULL = YES;
				CLANG_CXX_LANGUAGE_STANDARD = "gnu++0x";
				CLANG_CXX_LIBRARY = "libc++";
				CLANG_ENABLE_MODULES = YES;
				CLANG_ENABLE_OBJC_ARC = YES;
				CLANG_WARN_BOOL_CONVERSION = YES;
				CLANG_WARN_CONSTANT_CONVERSION = YES;
				CLANG_WARN_DIRECT_OBJC_ISA_USAGE = YES_ERROR;
				CLANG_WARN_DOCUMENTATION_COMMENTS = YES;
				CLANG_WARN_EMPTY_BODY = YES;
				CLANG_WARN_ENUM_CONVERSION = YES;
				CLANG_WARN_INFINITE_RECURSION = YES;
				CLANG_WARN_INT_CONVERSION = YES;
				CLANG_WARN_OBJC_ROOT_CLASS = YES_ERROR;
				CLANG_WARN_SUSPICIOUS_MOVE = YES;
				CLANG_WARN_UNREACHABLE_CODE = YES;
				CLANG_WARN__DUPLICATE_METHOD_MATCH = YES;
				"CODE_SIGN_IDENTITY[sdk=iphoneos*]" = "iPhone Developer";
				COPY_PHASE_STRIP = NO;
				DEBUG_INFORMATION_FORMAT = "dwarf-with-dsym";
				ENABLE_NS_ASSERTIONS = NO;
				ENABLE_STRICT_OBJC_MSGSEND = YES;
				GCC_C_LANGUAGE_STANDARD = gnu99;
				GCC_NO_COMMON_BLOCKS = YES;
				GCC_WARN_64_TO_32_BIT_CONVERSION = YES;
				GCC_WARN_ABOUT_RETURN_TYPE = YES_ERROR;
				GCC_WARN_UNDECLARED_SELECTOR = YES;
				GCC_WARN_UNINITIALIZED_AUTOS = YES_AGGRESSIVE;
				GCC_WARN_UNUSED_FUNCTION = YES;
				GCC_WARN_UNUSED_VARIABLE = YES;
				IPHONEOS_DEPLOYMENT_TARGET = 10.2;
				MTL_ENABLE_DEBUG_INFO = NO;
				SDKROOT = iphoneos;
				SWIFT_OPTIMIZATION_LEVEL = "-Owholemodule";
				TARGETED_DEVICE_FAMILY = "1,2";
				VALIDATE_PRODUCT = YES;
			};
			name = Release;
		};
		A6431AAB1E290D4400A08DC5 /* Debug */ = {
			isa = XCBuildConfiguration;
			baseConfigurationReference = FC0A3FD21BB0E8F7D244374C /* Pods-Sport_Project.debug.xcconfig */;
			buildSettings = {
				ALWAYS_EMBED_SWIFT_STANDARD_LIBRARIES = YES;
				ASSETCATALOG_COMPILER_APPICON_NAME = AppIcon;
				"CODE_SIGN_IDENTITY[sdk=iphoneos*]" = "iPhone Developer";
				DEVELOPMENT_TEAM = 95VUD7N9BF;
				INFOPLIST_FILE = Sport_Project/Info.plist;
				IPHONEOS_DEPLOYMENT_TARGET = 8.0;
				LD_RUNPATH_SEARCH_PATHS = "$(inherited) @executable_path/Frameworks";
				PRODUCT_BUNDLE_IDENTIFIER = "com.sport.vn.Sport-Project";
				PRODUCT_NAME = "$(TARGET_NAME)";
				SWIFT_VERSION = 3.0;
			};
			name = Debug;
		};
		A6431AAC1E290D4400A08DC5 /* Release */ = {
			isa = XCBuildConfiguration;
			baseConfigurationReference = EF66645075BD58C30F455BE5 /* Pods-Sport_Project.release.xcconfig */;
			buildSettings = {
				ALWAYS_EMBED_SWIFT_STANDARD_LIBRARIES = YES;
				ASSETCATALOG_COMPILER_APPICON_NAME = AppIcon;
				"CODE_SIGN_IDENTITY[sdk=iphoneos*]" = "iPhone Developer";
				DEVELOPMENT_TEAM = 95VUD7N9BF;
				INFOPLIST_FILE = Sport_Project/Info.plist;
				IPHONEOS_DEPLOYMENT_TARGET = 8.0;
				LD_RUNPATH_SEARCH_PATHS = "$(inherited) @executable_path/Frameworks";
				PRODUCT_BUNDLE_IDENTIFIER = "com.sport.vn.Sport-Project";
				PRODUCT_NAME = "$(TARGET_NAME)";
				SWIFT_VERSION = 3.0;
			};
			name = Release;
		};
/* End XCBuildConfiguration section */

/* Begin XCConfigurationList section */
		A6431A931E290D4400A08DC5 /* Build configuration list for PBXProject "Sport_Project" */ = {
			isa = XCConfigurationList;
			buildConfigurations = (
				A6431AA81E290D4400A08DC5 /* Debug */,
				A6431AA91E290D4400A08DC5 /* Release */,
			);
			defaultConfigurationIsVisible = 0;
			defaultConfigurationName = Release;
		};
		A6431AAA1E290D4400A08DC5 /* Build configuration list for PBXNativeTarget "Sport_Project" */ = {
			isa = XCConfigurationList;
			buildConfigurations = (
				A6431AAB1E290D4400A08DC5 /* Debug */,
				A6431AAC1E290D4400A08DC5 /* Release */,
			);
			defaultConfigurationIsVisible = 0;
			defaultConfigurationName = Release;
		};
/* End XCConfigurationList section */
	};
	rootObject = A6431A901E290D4400A08DC5 /* Project object */;
}
